// !$*UTF8*$!
{
	archiveVersion = 1;
	classes = {
	};
	objectVersion = 50;
	objects = {

/* Begin PBXBuildFile section */
		6A091F0A24D5022D005256AF /* Api.mp4 in Resources */ = {isa = PBXBuildFile; fileRef = 6ADA82EC248747A100A5A1BA /* Api.mp4 */; };
		6A091F0C24D504EC005256AF /* anim4.mp4 in Resources */ = {isa = PBXBuildFile; fileRef = 6A091F0B24D504DF005256AF /* anim4.mp4 */; };
		AFCE18FF21522A44000E75B3 /* AppDelegate.swift in Sources */ = {isa = PBXBuildFile; fileRef = AFCE18FE21522A44000E75B3 /* AppDelegate.swift */; };
		AFCE190121522A44000E75B3 /* ViewController.swift in Sources */ = {isa = PBXBuildFile; fileRef = AFCE190021522A44000E75B3 /* ViewController.swift */; };
		AFCE190421522A44000E75B3 /* Main.storyboard in Resources */ = {isa = PBXBuildFile; fileRef = AFCE190221522A44000E75B3 /* Main.storyboard */; };
		AFCE190621522A46000E75B3 /* Assets.xcassets in Resources */ = {isa = PBXBuildFile; fileRef = AFCE190521522A46000E75B3 /* Assets.xcassets */; };
		AFCE190921522A46000E75B3 /* LaunchScreen.storyboard in Resources */ = {isa = PBXBuildFile; fileRef = AFCE190721522A46000E75B3 /* LaunchScreen.storyboard */; };
		AFCE191121522AD6000E75B3 /* VideoBG.swift in Sources */ = {isa = PBXBuildFile; fileRef = AFCE191021522AD6000E75B3 /* VideoBG.swift */; };
		AFCE191521522C77000E75B3 /* AVFoundation.framework in Frameworks */ = {isa = PBXBuildFile; fileRef = AFCE191421522C77000E75B3 /* AVFoundation.framework */; };
/* End PBXBuildFile section */

/* Begin PBXFileReference section */
		6A091F0B24D504DF005256AF /* anim4.mp4 */ = {isa = PBXFileReference; lastKnownFileType = file; name = anim4.mp4; path = ../../../../../Desktop/anim4.mp4; sourceTree = "<group>"; };
		6ADA82EC248747A100A5A1BA /* Api.mp4 */ = {isa = PBXFileReference; lastKnownFileType = file; name = Api.mp4; path = ../../../../../VideoEditing/PROJECT/Api.mp4; sourceTree = "<group>"; };
		AF71F522243EC7D70079A9C8 /* 1730615.mp4 */ = {isa = PBXFileReference; lastKnownFileType = file; name = 1730615.mp4; path = "/Users/amdeveloper/MobileDevXcode/SWIFT 5/VideoBG/VideoBG/1730615.mp4"; sourceTree = "<absolute>"; };
		AF7DC2A4215C7254002AF290 /* AVKit.framework */ = {isa = PBXFileReference; lastKnownFileType = wrapper.framework; name = AVKit.framework; path = System/Library/Frameworks/AVKit.framework; sourceTree = SDKROOT; };
		AFCE18FB21522A44000E75B3 /* VideoBG.app */ = {isa = PBXFileReference; explicitFileType = wrapper.application; includeInIndex = 0; path = VideoBG.app; sourceTree = BUILT_PRODUCTS_DIR; };
		AFCE18FE21522A44000E75B3 /* AppDelegate.swift */ = {isa = PBXFileReference; lastKnownFileType = sourcecode.swift; path = AppDelegate.swift; sourceTree = "<group>"; };
		AFCE190021522A44000E75B3 /* ViewController.swift */ = {isa = PBXFileReference; lastKnownFileType = sourcecode.swift; path = ViewController.swift; sourceTree = "<group>"; };
		AFCE190321522A44000E75B3 /* Base */ = {isa = PBXFileReference; lastKnownFileType = file.storyboard; name = Base; path = Base.lproj/Main.storyboard; sourceTree = "<group>"; };
		AFCE190521522A46000E75B3 /* Assets.xcassets */ = {isa = PBXFileReference; lastKnownFileType = folder.assetcatalog; path = Assets.xcassets; sourceTree = "<group>"; };
		AFCE190821522A46000E75B3 /* Base */ = {isa = PBXFileReference; lastKnownFileType = file.storyboard; name = Base; path = Base.lproj/LaunchScreen.storyboard; sourceTree = "<group>"; };
		AFCE190A21522A46000E75B3 /* Info.plist */ = {isa = PBXFileReference; lastKnownFileType = text.plist.xml; path = Info.plist; sourceTree = "<group>"; };
		AFCE191021522AD6000E75B3 /* VideoBG.swift */ = {isa = PBXFileReference; lastKnownFileType = sourcecode.swift; path = VideoBG.swift; sourceTree = "<group>"; };
		AFCE191421522C77000E75B3 /* AVFoundation.framework */ = {isa = PBXFileReference; lastKnownFileType = wrapper.framework; name = AVFoundation.framework; path = System/Library/Frameworks/AVFoundation.framework; sourceTree = SDKROOT; };
/* End PBXFileReference section */

/* Begin PBXFrameworksBuildPhase section */
		AFCE18F821522A44000E75B3 /* Frameworks */ = {
			isa = PBXFrameworksBuildPhase;
			buildActionMask = 2147483647;
			files = (
				AFCE191521522C77000E75B3 /* AVFoundation.framework in Frameworks */,
			);
			runOnlyForDeploymentPostprocessing = 0;
		};
/* End PBXFrameworksBuildPhase section */

/* Begin PBXGroup section */
		AFCE18F221522A44000E75B3 = {
			isa = PBXGroup;
			children = (
				AFCE18FD21522A44000E75B3 /* VideoBG */,
				AFCE18FC21522A44000E75B3 /* Products */,
				AFCE191321522C77000E75B3 /* Frameworks */,
			);
			sourceTree = "<group>";
		};
		AFCE18FC21522A44000E75B3 /* Products */ = {
			isa = PBXGroup;
			children = (
				AFCE18FB21522A44000E75B3 /* VideoBG.app */,
			);
			name = Products;
			sourceTree = "<group>";
		};
		AFCE18FD21522A44000E75B3 /* VideoBG */ = {
			isa = PBXGroup;
			children = (
				AF71F522243EC7D70079A9C8 /* 1730615.mp4 */,
				AFCE18FE21522A44000E75B3 /* AppDelegate.swift */,
				6ADA82EC248747A100A5A1BA /* Api.mp4 */,
				6A091F0B24D504DF005256AF /* anim4.mp4 */,
				AFCE190021522A44000E75B3 /* ViewController.swift */,
				AFCE190221522A44000E75B3 /* Main.storyboard */,
				AFCE190521522A46000E75B3 /* Assets.xcassets */,
				AFCE190721522A46000E75B3 /* LaunchScreen.storyboard */,
				AFCE190A21522A46000E75B3 /* Info.plist */,
				AFCE191021522AD6000E75B3 /* VideoBG.swift */,
			);
			path = VideoBG;
			sourceTree = "<group>";
		};
		AFCE191321522C77000E75B3 /* Frameworks */ = {
			isa = PBXGroup;
			children = (
				AF7DC2A4215C7254002AF290 /* AVKit.framework */,
				AFCE191421522C77000E75B3 /* AVFoundation.framework */,
			);
			name = Frameworks;
			sourceTree = "<group>";
		};
/* End PBXGroup section */

/* Begin PBXNativeTarget section */
		AFCE18FA21522A44000E75B3 /* VideoBG */ = {
			isa = PBXNativeTarget;
			buildConfigurationList = AFCE190D21522A46000E75B3 /* Build configuration list for PBXNativeTarget "VideoBG" */;
			buildPhases = (
				AFCE18F721522A44000E75B3 /* Sources */,
				AFCE18F821522A44000E75B3 /* Frameworks */,
				AFCE18F921522A44000E75B3 /* Resources */,
			);
			buildRules = (
			);
			dependencies = (
			);
			name = VideoBG;
			productName = VideoBG;
			productReference = AFCE18FB21522A44000E75B3 /* VideoBG.app */;
			productType = "com.apple.product-type.application";
		};
/* End PBXNativeTarget section */

/* Begin PBXProject section */
		AFCE18F321522A44000E75B3 /* Project object */ = {
			isa = PBXProject;
			attributes = {
				LastSwiftUpdateCheck = 0940;
				LastUpgradeCheck = 0940;
				ORGANIZATIONNAME = umayLab;
				TargetAttributes = {
					AFCE18FA21522A44000E75B3 = {
						CreatedOnToolsVersion = 9.4.1;
						LastSwiftMigration = 1030;
					};
				};
			};
			buildConfigurationList = AFCE18F621522A44000E75B3 /* Build configuration list for PBXProject "VideoBG" */;
			compatibilityVersion = "Xcode 9.3";
			developmentRegion = en;
			hasScannedForEncodings = 0;
			knownRegions = (
				en,
				Base,
			);
			mainGroup = AFCE18F221522A44000E75B3;
			productRefGroup = AFCE18FC21522A44000E75B3 /* Products */;
			projectDirPath = "";
			projectRoot = "";
			targets = (
				AFCE18FA21522A44000E75B3 /* VideoBG */,
			);
		};
/* End PBXProject section */

/* Begin PBXResourcesBuildPhase section */
		AFCE18F921522A44000E75B3 /* Resources */ = {
			isa = PBXResourcesBuildPhase;
			buildActionMask = 2147483647;
			files = (
				6A091F0C24D504EC005256AF /* anim4.mp4 in Resources */,
				6A091F0A24D5022D005256AF /* Api.mp4 in Resources */,
				AFCE190921522A46000E75B3 /* LaunchScreen.storyboard in Resources */,
				AFCE190621522A46000E75B3 /* Assets.xcassets in Resources */,
				AFCE190421522A44000E75B3 /* Main.storyboard in Resources */,
			);
			runOnlyForDeploymentPostprocessing = 0;
		};
/* End PBXResourcesBuildPhase section */

/* Begin PBXSourcesBuildPhase section */
		AFCE18F721522A44000E75B3 /* Sources */ = {
			isa = PBXSourcesBuildPhase;
			buildActionMask = 2147483647;
			files = (
				AFCE190121522A44000E75B3 /* ViewController.swift in Sources */,
				AFCE191121522AD6000E75B3 /* VideoBG.swift in Sources */,
				AFCE18FF21522A44000E75B3 /* AppDelegate.swift in Sources */,
			);
			runOnlyForDeploymentPostprocessing = 0;
		};
/* End PBXSourcesBuildPhase section */

/* Begin PBXVariantGroup section */
		AFCE190221522A44000E75B3 /* Main.storyboard */ = {
			isa = PBXVariantGroup;
			children = (
				AFCE190321522A44000E75B3 /* Base */,
			);
			name = Main.storyboard;
			sourceTree = "<group>";
		};
		AFCE190721522A46000E75B3 /* LaunchScreen.storyboard */ = {
			isa = PBXVariantGroup;
			children = (
				AFCE190821522A46000E75B3 /* Base */,
			);
			name = LaunchScreen.storyboard;
			sourceTree = "<group>";
		};
/* End PBXVariantGroup section */

/* Begin XCBuildConfiguration section */
		AFCE190B21522A46000E75B3 /* Debug */ = {
			isa = XCBuildConfiguration;
			buildSettings = {
				ALWAYS_SEARCH_USER_PATHS = NO;
				CLANG_ANALYZER_NONNULL = YES;
				CLANG_ANALYZER_NUMBER_OBJECT_CONVERSION = YES_AGGRESSIVE;
				CLANG_CXX_LANGUAGE_STANDARD = "gnu++14";
				CLANG_CXX_LIBRARY = "libc++";
				CLANG_ENABLE_MODULES = YES;
				CLANG_ENABLE_OBJC_ARC = YES;
				CLANG_ENABLE_OBJC_WEAK = YES;
				CLANG_WARN_BLOCK_CAPTURE_AUTORELEASING = YES;
				CLANG_WARN_BOOL_CONVERSION = YES;
				CLANG_WARN_COMMA = YES;
				CLANG_WARN_CONSTANT_CONVERSION = YES;
				CLANG_WARN_DEPRECATED_OBJC_IMPLEMENTATIONS = YES;
				CLANG_WARN_DIRECT_OBJC_ISA_USAGE = YES_ERROR;
				CLANG_WARN_DOCUMENTATION_COMMENTS = YES;
				CLANG_WARN_EMPTY_BODY = YES;
				CLANG_WARN_ENUM_CONVERSION = YES;
				CLANG_WARN_INFINITE_RECURSION = YES;
				CLANG_WARN_INT_CONVERSION = YES;
				CLANG_WARN_NON_LITERAL_NULL_CONVERSION = YES;
				CLANG_WARN_OBJC_IMPLICIT_RETAIN_SELF = YES;
				CLANG_WARN_OBJC_LITERAL_CONVERSION = YES;
				CLANG_WARN_OBJC_ROOT_CLASS = YES_ERROR;
				CLANG_WARN_RANGE_LOOP_ANALYSIS = YES;
				CLANG_WARN_STRICT_PROTOTYPES = YES;
				CLANG_WARN_SUSPICIOUS_MOVE = YES;
				CLANG_WARN_UNGUARDED_AVAILABILITY = YES_AGGRESSIVE;
				CLANG_WARN_UNREACHABLE_CODE = YES;
				CLANG_WARN__DUPLICATE_METHOD_MATCH = YES;
				CODE_SIGN_IDENTITY = "iPhone Developer";
				COPY_PHASE_STRIP = NO;
				DEBUG_INFORMATION_FORMAT = dwarf;
				ENABLE_STRICT_OBJC_MSGSEND = YES;
				ENABLE_TESTABILITY = YES;
				GCC_C_LANGUAGE_STANDARD = gnu11;
				GCC_DYNAMIC_NO_PIC = NO;
				GCC_NO_COMMON_BLOCKS = YES;
				GCC_OPTIMIZATION_LEVEL = 0;
				GCC_PREPROCESSOR_DEFINITIONS = (
					"DEBUG=1",
					"$(inherited)",
				);
				GCC_WARN_64_TO_32_BIT_CONVERSION = YES;
				GCC_WARN_ABOUT_RETURN_TYPE = YES_ERROR;
				GCC_WARN_UNDECLARED_SELECTOR = YES;
				GCC_WARN_UNINITIALIZED_AUTOS = YES_AGGRESSIVE;
				GCC_WARN_UNUSED_FUNCTION = YES;
				GCC_WARN_UNUSED_VARIABLE = YES;
				IPHONEOS_DEPLOYMENT_TARGET = 11.4;
				MTL_ENABLE_DEBUG_INFO = YES;
				ONLY_ACTIVE_ARCH = YES;
				SDKROOT = iphoneos;
				SWIFT_ACTIVE_COMPILATION_CONDITIONS = DEBUG;
				SWIFT_OPTIMIZATION_LEVEL = "-Onone";
			};
			name = Debug;
		};
		AFCE190C21522A46000E75B3 /* Release */ = {
			isa = XCBuildConfiguration;
			buildSettings = {
				ALWAYS_SEARCH_USER_PATHS = NO;
				CLANG_ANALYZER_NONNULL = YES;
				CLANG_ANALYZER_NUMBER_OBJECT_CONVERSION = YES_AGGRESSIVE;
				CLANG_CXX_LANGUAGE_STANDARD = "gnu++14";
				CLANG_CXX_LIBRARY = "libc++";
				CLANG_ENABLE_MODULES = YES;
				CLANG_ENABLE_OBJC_ARC = YES;
				CLANG_ENABLE_OBJC_WEAK = YES;
				CLANG_WARN_BLOCK_CAPTURE_AUTORELEASING = YES;
				CLANG_WARN_BOOL_CONVERSION = YES;
				CLANG_WARN_COMMA = YES;
				CLANG_WARN_CONSTANT_CONVERSION = YES;
				CLANG_WARN_DEPRECATED_OBJC_IMPLEMENTATIONS = YES;
				CLANG_WARN_DIRECT_OBJC_ISA_USAGE = YES_ERROR;
				CLANG_WARN_DOCUMENTATION_COMMENTS = YES;
				CLANG_WARN_EMPTY_BODY = YES;
				CLANG_WARN_ENUM_CONVERSION = YES;
				CLANG_WARN_INFINITE_RECURSION = YES;
				CLANG_WARN_INT_CONVERSION = YES;
				CLANG_WARN_NON_LITERAL_NULL_CONVERSION = YES;
				CLANG_WARN_OBJC_IMPLICIT_RETAIN_SELF = YES;
				CLANG_WARN_OBJC_LITERAL_CONVERSION = YES;
				CLANG_WARN_OBJC_ROOT_CLASS = YES_ERROR;
				CLANG_WARN_RANGE_LOOP_ANALYSIS = YES;
				CLANG_WARN_STRICT_PROTOTYPES = YES;
				CLANG_WARN_SUSPICIOUS_MOVE = YES;
				CLANG_WARN_UNGUARDED_AVAILABILITY = YES_AGGRESSIVE;
				CLANG_WARN_UNREACHABLE_CODE = YES;
				CLANG_WARN__DUPLICATE_METHOD_MATCH = YES;
				CODE_SIGN_IDENTITY = "iPhone Developer";
				COPY_PHASE_STRIP = NO;
				DEBUG_INFORMATION_FORMAT = "dwarf-with-dsym";
				ENABLE_NS_ASSERTIONS = NO;
				ENABLE_STRICT_OBJC_MSGSEND = YES;
				GCC_C_LANGUAGE_STANDARD = gnu11;
				GCC_NO_COMMON_BLOCKS = YES;
				GCC_WARN_64_TO_32_BIT_CONVERSION = YES;
				GCC_WARN_ABOUT_RETURN_TYPE = YES_ERROR;
				GCC_WARN_UNDECLARED_SELECTOR = YES;
				GCC_WARN_UNINITIALIZED_AUTOS = YES_AGGRESSIVE;
				GCC_WARN_UNUSED_FUNCTION = YES;
				GCC_WARN_UNUSED_VARIABLE = YES;
				IPHONEOS_DEPLOYMENT_TARGET = 11.4;
				MTL_ENABLE_DEBUG_INFO = NO;
				SDKROOT = iphoneos;
				SWIFT_COMPILATION_MODE = wholemodule;
				SWIFT_OPTIMIZATION_LEVEL = "-O";
				VALIDATE_PRODUCT = YES;
			};
			name = Release;
		};
		AFCE190E21522A46000E75B3 /* Debug */ = {
			isa = XCBuildConfiguration;
			buildSettings = {
				ASSETCATALOG_COMPILER_APPICON_NAME = AppIcon;
				CODE_SIGN_STYLE = Automatic;
				DEVELOPMENT_TEAM = NQ83BUW4CQ;
				INFOPLIST_FILE = VideoBG/Info.plist;
				LD_RUNPATH_SEARCH_PATHS = (
					"$(inherited)",
					"@executable_path/Frameworks",
				);
				PRODUCT_BUNDLE_IDENTIFIER = com.umaylab.video.VideoBG;
				PRODUCT_NAME = "$(TARGET_NAME)";
				SWIFT_VERSION = 5.0;
				TARGETED_DEVICE_FAMILY = "1,2";
			};
			name = Debug;
		};
		AFCE190F21522A46000E75B3 /* Release */ = {
			isa = XCBuildConfiguration;
			buildSettings = {
				ASSETCATALOG_COMPILER_APPICON_NAME = AppIcon;
				CODE_SIGN_STYLE = Automatic;
				DEVELOPMENT_TEAM = NQ83BUW4CQ;
				INFOPLIST_FILE = VideoBG/Info.plist;
				LD_RUNPATH_SEARCH_PATHS = (
					"$(inherited)",
					"@executable_path/Frameworks",
				);
				PRODUCT_BUNDLE_IDENTIFIER = com.umaylab.video.VideoBG;
				PRODUCT_NAME = "$(TARGET_NAME)";
				SWIFT_VERSION = 5.0;
				TARGETED_DEVICE_FAMILY = "1,2";
			};
			name = Release;
		};
/* End XCBuildConfiguration section */

/* Begin XCConfigurationList section */
		AFCE18F621522A44000E75B3 /* Build configuration list for PBXProject "VideoBG" */ = {
			isa = XCConfigurationList;
			buildConfigurations = (
				AFCE190B21522A46000E75B3 /* Debug */,
				AFCE190C21522A46000E75B3 /* Release */,
			);
			defaultConfigurationIsVisible = 0;
			defaultConfigurationName = Release;
		};
		AFCE190D21522A46000E75B3 /* Build configuration list for PBXNativeTarget "VideoBG" */ = {
			isa = XCConfigurationList;
			buildConfigurations = (
				AFCE190E21522A46000E75B3 /* Debug */,
				AFCE190F21522A46000E75B3 /* Release */,
			);
			defaultConfigurationIsVisible = 0;
			defaultConfigurationName = Release;
		};
/* End XCConfigurationList section */
	};
	rootObject = AFCE18F321522A44000E75B3 /* Project object */;
}
